
Microsoft Visual Studio Solution File, Format Version 12.00
# Visual Studio Version 17
VisualStudioVersion = 17.4.33213.308
MinimumVisualStudioVersion = 10.0.40219.1
Project("{FAE04EC0-301F-11D3-BF4B-00C04F79EFBC}") = "GameJam", "GameJam\GameJam.csproj", "{4B8DB085-78E4-41D1-80D2-3B845B4D2C40}"
EndProject
Global
	GlobalSection(SolutionConfigurationPlatforms) = preSolution
		Debug|Any CPU = Debug|Any CPU
		Release|Any CPU = Release|Any CPU
	EndGlobalSection
	GlobalSection(ProjectConfigurationPlatforms) = postSolution
		{4B8DB085-78E4-41D1-80D2-3B845B4D2C40}.Debug|Any CPU.ActiveCfg = Debug|Any CPU
		{4B8DB085-78E4-41D1-80D2-3B845B4D2C40}.Debug|Any CPU.Build.0 = Debug|Any CPU
		{4B8DB085-78E4-41D1-80D2-3B845B4D2C40}.Release|Any CPU.ActiveCfg = Release|Any CPU
		{4B8DB085-78E4-41D1-80D2-3B845B4D2C40}.Release|Any CPU.Build.0 = Release|Any CPU
	EndGlobalSection
	GlobalSection(SolutionProperties) = preSolution
		HideSolutionNode = FALSE
	EndGlobalSection
	GlobalSection(ExtensibilityGlobals) = postSolution
		SolutionGuid = {E849FE8C-8D73-4321-9D54-1BBAA629B1EE}
	EndGlobalSection
EndGlobal
